
Microsoft Visual Studio Solution File, Format Version 12.00
# Visual Studio 14
VisualStudioVersion = 14.0.25420.1
MinimumVisualStudioVersion = 10.0.40219.1
Project("{FAE04EC0-301F-11D3-BF4B-00C04F79EFBC}") = "21.DictEx01.LetterRepetition", "21.DictEx01.LetterRepetition\21.DictEx01.LetterRepetition.csproj", "{CC9C795C-9405-4D41-A0C1-052C44F3B1E1}"
EndProject
Project("{FAE04EC0-301F-11D3-BF4B-00C04F79EFBC}") = "21.DictEx02DictRef", "21.DictEx02DictRef\21.DictEx02DictRef.csproj", "{EB29EF28-7637-48F9-863F-4438845F50EE}"
EndProject
Project("{FAE04EC0-301F-11D3-BF4B-00C04F79EFBC}") = "22.NestedDict01.AverageStudentsGrades", "22.NestedDict01.AverageStudentsGrades\22.NestedDict01.AverageStudentsGrades.csproj", "{228938D0-4DFF-4FCD-AB25-E806CB5B584B}"
EndProject
Project("{FAE04EC0-301F-11D3-BF4B-00C04F79EFBC}") = "22.NestedDict02CitiesByCountries", "22.NestedDict02CitiesByCountries\22.NestedDict02CitiesByCountries.csproj", "{01033EA0-1129-4970-AC5D-7AF75A427704}"
EndProject
Project("{FAE04EC0-301F-11D3-BF4B-00C04F79EFBC}") = "22.NestedDict03.UniqueNames", "22.NestedDict03.UniqueNames\22.NestedDict03.UniqueNames.csproj", "{9B913F99-B9C1-4521-B393-7F0FBBA58312}"
EndProject
Project("{FAE04EC0-301F-11D3-BF4B-00C04F79EFBC}") = "22.NestedDict04.SortedCities", "22.NestedDict04.SortedCities\22.NestedDict04.SortedCities.csproj", "{E4972198-B825-4D03-982A-C9EFABA99485}"
EndProject
Project("{FAE04EC0-301F-11D3-BF4B-00C04F79EFBC}") = "23.NestedDictEx01.Wardrobe", "23.NestedDictEx01.Wardrobe\23.NestedDictEx01.Wardrobe.csproj", "{AAB294BC-6A82-40E1-AB54-B7FBEFB8FE10}"
EndProject
Project("{FAE04EC0-301F-11D3-BF4B-00C04F79EFBC}") = "23.NestedDictEx04.Shellbound", "23.NestedDictEx04.Shellbound\23.NestedDictEx04.Shellbound.csproj", "{742AC7B8-7761-462A-9CAA-57B094A94BF1}"
EndProject
Project("{FAE04EC0-301F-11D3-BF4B-00C04F79EFBC}") = "23.NestedDictEx03.TravelCompany", "23.NestedDictEx03.TravelCompany\23.NestedDictEx03.TravelCompany.csproj", "{922D6ED5-8CC4-42EA-BA51-D32A2A1144BB}"
EndProject
Project("{FAE04EC0-301F-11D3-BF4B-00C04F79EFBC}") = "24.LambdaAndLinqLab", "24.LambdaAndLinqLab\24.LambdaAndLinqLab.csproj", "{6ADD6996-9DC9-4456-900F-0CC4FAC52422}"
EndProject
Project("{FAE04EC0-301F-11D3-BF4B-00C04F79EFBC}") = "25.LambdaLinqEx01.RegisteredUsers", "25.LambdaLinqEx01.RegisteredUsers\25.LambdaLinqEx01.RegisteredUsers.csproj", "{0B33D853-8DEA-4553-A6DB-380507111656}"
EndProject
Project("{FAE04EC0-301F-11D3-BF4B-00C04F79EFBC}") = "25.LambdaLinqEx02.DefaultValues", "25.LambdaLinqEx02.DefaultValues\25.LambdaLinqEx02.DefaultValues.csproj", "{E138DD1C-035A-4B16-A64E-637F2016538F}"
EndProject
Project("{FAE04EC0-301F-11D3-BF4B-00C04F79EFBC}") = "25.LambdaLinqEx03.ShoppingSpree", "25.LambdaLinqEx03.ShoppingSpree\25.LambdaLinqEx03.ShoppingSpree.csproj", "{704278B0-0CD2-4240-A663-1D49D55CD56E}"
EndProject
Project("{FAE04EC0-301F-11D3-BF4B-00C04F79EFBC}") = "26.LambdaLinqMEx01.ArrayData", "26.LambdaLinqMEx01.ArrayData\26.LambdaLinqMEx01.ArrayData.csproj", "{52E66441-89E8-48B8-9AC6-EEA3CE387EDA}"
EndProject
Project("{FAE04EC0-301F-11D3-BF4B-00C04F79EFBC}") = "26.LambdaLinqMEx02.StringDecryption", "26.LambdaLinqMEx02.StringDecryption\26.LambdaLinqMEx02.StringDecryption.csproj", "{1468615A-F272-4398-8E07-B0700BCC0D94}"
EndProject
Project("{FAE04EC0-301F-11D3-BF4B-00C04F79EFBC}") = "26.LambdaLinqMEx03.Camping", "26.LambdaLinqMEx03.Camping\26.LambdaLinqMEx03.Camping.csproj", "{27FD5360-CEBA-423D-A547-CA651019D686}"
EndProject
Project("{FAE04EC0-301F-11D3-BF4B-00C04F79EFBC}") = "26.LambdaLinqMEx04MostValuedCustomers", "26.LambdaLinqMEx04MostValuedCustomers\26.LambdaLinqMEx04MostValuedCustomers.csproj", "{4FE0C9FB-2C5E-4AEE-8E66-662DFDBF35AD}"
EndProject
Project("{FAE04EC0-301F-11D3-BF4B-00C04F79EFBC}") = "28.ObjectAndClassesEx01.Exercises", "28.ObjectAndClassesEx01.Exercises\28.ObjectAndClassesEx01.Exercises.csproj", "{2FEBA0BE-BA1A-4C38-A634-6F5C84FAB007}"
EndProject
Project("{FAE04EC0-301F-11D3-BF4B-00C04F79EFBC}") = "29.FilesDirectAndExceptionsLab", "29.FilesDirectAndExceptionsLab\29.FilesDirectAndExceptionsLab.csproj", "{5E08D685-8041-4C1E-9412-B35CC4FCBD11}"
EndProject
Project("{FAE04EC0-301F-11D3-BF4B-00C04F79EFBC}") = "32.StringAndTextEx01.FindTheLetter", "32.StringAndTextEx01.FindTheLetter\32.StringAndTextEx01.FindTheLetter.csproj", "{63CBE85E-4705-4173-AC1D-39360A61941D}"
EndProject
Project("{FAE04EC0-301F-11D3-BF4B-00C04F79EFBC}") = "32.StringAndTextEx02Placeholders", "32.StringAndTextEx02Placeholders\32.StringAndTextEx02Placeholders.csproj", "{35A2179B-8FF3-4AEB-BFF6-C8D9550E46E6}"
EndProject
Project("{FAE04EC0-301F-11D3-BF4B-00C04F79EFBC}") = "32.StringAndTextEx03.JSONstringify", "32.StringAndTextEx03.JSONstringify\32.StringAndTextEx03.JSONstringify.csproj", "{31FF8AFD-B8F7-419A-B17D-228B73EB6553}"
EndProject
Project("{FAE04EC0-301F-11D3-BF4B-00C04F79EFBC}") = "32.StringAndTextEx05.PointsCounter", "32.StringAndTextEx05.PointsCounter\32.StringAndTextEx05.PointsCounter.csproj", "{A38D527C-E783-4476-8029-3A379ABDC3AA}"
EndProject
Project("{FAE04EC0-301F-11D3-BF4B-00C04F79EFBC}") = "32.StringAndTextEx06.SentenceSplit", "32.StringAndTextEx06.SentenceSplit\32.StringAndTextEx06.SentenceSplit.csproj", "{98148ED3-8130-4039-A163-9D9E99F90140}"
EndProject
Project("{FAE04EC0-301F-11D3-BF4B-00C04F79EFBC}") = "33.StringAndTextMEx01.ValueOfString", "33.StringAndTextMEx01.ValueOfString\33.StringAndTextMEx01.ValueOfString.csproj", "{7B148598-5FEA-4CF1-AFF9-54470E638187}"
EndProject
Global
	GlobalSection(SolutionConfigurationPlatforms) = preSolution
		Debug|Any CPU = Debug|Any CPU
		Release|Any CPU = Release|Any CPU
	EndGlobalSection
	GlobalSection(ProjectConfigurationPlatforms) = postSolution
		{CC9C795C-9405-4D41-A0C1-052C44F3B1E1}.Debug|Any CPU.ActiveCfg = Debug|Any CPU
		{CC9C795C-9405-4D41-A0C1-052C44F3B1E1}.Debug|Any CPU.Build.0 = Debug|Any CPU
		{CC9C795C-9405-4D41-A0C1-052C44F3B1E1}.Release|Any CPU.ActiveCfg = Release|Any CPU
		{CC9C795C-9405-4D41-A0C1-052C44F3B1E1}.Release|Any CPU.Build.0 = Release|Any CPU
		{EB29EF28-7637-48F9-863F-4438845F50EE}.Debug|Any CPU.ActiveCfg = Debug|Any CPU
		{EB29EF28-7637-48F9-863F-4438845F50EE}.Debug|Any CPU.Build.0 = Debug|Any CPU
		{EB29EF28-7637-48F9-863F-4438845F50EE}.Release|Any CPU.ActiveCfg = Release|Any CPU
		{EB29EF28-7637-48F9-863F-4438845F50EE}.Release|Any CPU.Build.0 = Release|Any CPU
		{228938D0-4DFF-4FCD-AB25-E806CB5B584B}.Debug|Any CPU.ActiveCfg = Debug|Any CPU
		{228938D0-4DFF-4FCD-AB25-E806CB5B584B}.Debug|Any CPU.Build.0 = Debug|Any CPU
		{228938D0-4DFF-4FCD-AB25-E806CB5B584B}.Release|Any CPU.ActiveCfg = Release|Any CPU
		{228938D0-4DFF-4FCD-AB25-E806CB5B584B}.Release|Any CPU.Build.0 = Release|Any CPU
		{01033EA0-1129-4970-AC5D-7AF75A427704}.Debug|Any CPU.ActiveCfg = Debug|Any CPU
		{01033EA0-1129-4970-AC5D-7AF75A427704}.Debug|Any CPU.Build.0 = Debug|Any CPU
		{01033EA0-1129-4970-AC5D-7AF75A427704}.Release|Any CPU.ActiveCfg = Release|Any CPU
		{01033EA0-1129-4970-AC5D-7AF75A427704}.Release|Any CPU.Build.0 = Release|Any CPU
		{9B913F99-B9C1-4521-B393-7F0FBBA58312}.Debug|Any CPU.ActiveCfg = Debug|Any CPU
		{9B913F99-B9C1-4521-B393-7F0FBBA58312}.Debug|Any CPU.Build.0 = Debug|Any CPU
		{9B913F99-B9C1-4521-B393-7F0FBBA58312}.Release|Any CPU.ActiveCfg = Release|Any CPU
		{9B913F99-B9C1-4521-B393-7F0FBBA58312}.Release|Any CPU.Build.0 = Release|Any CPU
		{E4972198-B825-4D03-982A-C9EFABA99485}.Debug|Any CPU.ActiveCfg = Debug|Any CPU
		{E4972198-B825-4D03-982A-C9EFABA99485}.Debug|Any CPU.Build.0 = Debug|Any CPU
		{E4972198-B825-4D03-982A-C9EFABA99485}.Release|Any CPU.ActiveCfg = Release|Any CPU
		{E4972198-B825-4D03-982A-C9EFABA99485}.Release|Any CPU.Build.0 = Release|Any CPU
		{AAB294BC-6A82-40E1-AB54-B7FBEFB8FE10}.Debug|Any CPU.ActiveCfg = Debug|Any CPU
		{AAB294BC-6A82-40E1-AB54-B7FBEFB8FE10}.Debug|Any CPU.Build.0 = Debug|Any CPU
		{AAB294BC-6A82-40E1-AB54-B7FBEFB8FE10}.Release|Any CPU.ActiveCfg = Release|Any CPU
		{AAB294BC-6A82-40E1-AB54-B7FBEFB8FE10}.Release|Any CPU.Build.0 = Release|Any CPU
		{742AC7B8-7761-462A-9CAA-57B094A94BF1}.Debug|Any CPU.ActiveCfg = Debug|Any CPU
		{742AC7B8-7761-462A-9CAA-57B094A94BF1}.Debug|Any CPU.Build.0 = Debug|Any CPU
		{742AC7B8-7761-462A-9CAA-57B094A94BF1}.Release|Any CPU.ActiveCfg = Release|Any CPU
		{742AC7B8-7761-462A-9CAA-57B094A94BF1}.Release|Any CPU.Build.0 = Release|Any CPU
		{922D6ED5-8CC4-42EA-BA51-D32A2A1144BB}.Debug|Any CPU.ActiveCfg = Debug|Any CPU
		{922D6ED5-8CC4-42EA-BA51-D32A2A1144BB}.Debug|Any CPU.Build.0 = Debug|Any CPU
		{922D6ED5-8CC4-42EA-BA51-D32A2A1144BB}.Release|Any CPU.ActiveCfg = Release|Any CPU
		{922D6ED5-8CC4-42EA-BA51-D32A2A1144BB}.Release|Any CPU.Build.0 = Release|Any CPU
		{6ADD6996-9DC9-4456-900F-0CC4FAC52422}.Debug|Any CPU.ActiveCfg = Debug|Any CPU
		{6ADD6996-9DC9-4456-900F-0CC4FAC52422}.Debug|Any CPU.Build.0 = Debug|Any CPU
		{6ADD6996-9DC9-4456-900F-0CC4FAC52422}.Release|Any CPU.ActiveCfg = Release|Any CPU
		{6ADD6996-9DC9-4456-900F-0CC4FAC52422}.Release|Any CPU.Build.0 = Release|Any CPU
		{0B33D853-8DEA-4553-A6DB-380507111656}.Debug|Any CPU.ActiveCfg = Debug|Any CPU
		{0B33D853-8DEA-4553-A6DB-380507111656}.Debug|Any CPU.Build.0 = Debug|Any CPU
		{0B33D853-8DEA-4553-A6DB-380507111656}.Release|Any CPU.ActiveCfg = Release|Any CPU
		{0B33D853-8DEA-4553-A6DB-380507111656}.Release|Any CPU.Build.0 = Release|Any CPU
		{E138DD1C-035A-4B16-A64E-637F2016538F}.Debug|Any CPU.ActiveCfg = Debug|Any CPU
		{E138DD1C-035A-4B16-A64E-637F2016538F}.Debug|Any CPU.Build.0 = Debug|Any CPU
		{E138DD1C-035A-4B16-A64E-637F2016538F}.Release|Any CPU.ActiveCfg = Release|Any CPU
		{E138DD1C-035A-4B16-A64E-637F2016538F}.Release|Any CPU.Build.0 = Release|Any CPU
		{704278B0-0CD2-4240-A663-1D49D55CD56E}.Debug|Any CPU.ActiveCfg = Debug|Any CPU
		{704278B0-0CD2-4240-A663-1D49D55CD56E}.Debug|Any CPU.Build.0 = Debug|Any CPU
		{704278B0-0CD2-4240-A663-1D49D55CD56E}.Release|Any CPU.ActiveCfg = Release|Any CPU
		{704278B0-0CD2-4240-A663-1D49D55CD56E}.Release|Any CPU.Build.0 = Release|Any CPU
		{52E66441-89E8-48B8-9AC6-EEA3CE387EDA}.Debug|Any CPU.ActiveCfg = Debug|Any CPU
		{52E66441-89E8-48B8-9AC6-EEA3CE387EDA}.Debug|Any CPU.Build.0 = Debug|Any CPU
		{52E66441-89E8-48B8-9AC6-EEA3CE387EDA}.Release|Any CPU.ActiveCfg = Release|Any CPU
		{52E66441-89E8-48B8-9AC6-EEA3CE387EDA}.Release|Any CPU.Build.0 = Release|Any CPU
		{1468615A-F272-4398-8E07-B0700BCC0D94}.Debug|Any CPU.ActiveCfg = Debug|Any CPU
		{1468615A-F272-4398-8E07-B0700BCC0D94}.Debug|Any CPU.Build.0 = Debug|Any CPU
		{1468615A-F272-4398-8E07-B0700BCC0D94}.Release|Any CPU.ActiveCfg = Release|Any CPU
		{1468615A-F272-4398-8E07-B0700BCC0D94}.Release|Any CPU.Build.0 = Release|Any CPU
		{27FD5360-CEBA-423D-A547-CA651019D686}.Debug|Any CPU.ActiveCfg = Debug|Any CPU
		{27FD5360-CEBA-423D-A547-CA651019D686}.Debug|Any CPU.Build.0 = Debug|Any CPU
		{27FD5360-CEBA-423D-A547-CA651019D686}.Release|Any CPU.ActiveCfg = Release|Any CPU
		{27FD5360-CEBA-423D-A547-CA651019D686}.Release|Any CPU.Build.0 = Release|Any CPU
		{4FE0C9FB-2C5E-4AEE-8E66-662DFDBF35AD}.Debug|Any CPU.ActiveCfg = Debug|Any CPU
		{4FE0C9FB-2C5E-4AEE-8E66-662DFDBF35AD}.Debug|Any CPU.Build.0 = Debug|Any CPU
		{4FE0C9FB-2C5E-4AEE-8E66-662DFDBF35AD}.Release|Any CPU.ActiveCfg = Release|Any CPU
		{4FE0C9FB-2C5E-4AEE-8E66-662DFDBF35AD}.Release|Any CPU.Build.0 = Release|Any CPU
		{2FEBA0BE-BA1A-4C38-A634-6F5C84FAB007}.Debug|Any CPU.ActiveCfg = Debug|Any CPU
		{2FEBA0BE-BA1A-4C38-A634-6F5C84FAB007}.Debug|Any CPU.Build.0 = Debug|Any CPU
		{2FEBA0BE-BA1A-4C38-A634-6F5C84FAB007}.Release|Any CPU.ActiveCfg = Release|Any CPU
		{2FEBA0BE-BA1A-4C38-A634-6F5C84FAB007}.Release|Any CPU.Build.0 = Release|Any CPU
		{5E08D685-8041-4C1E-9412-B35CC4FCBD11}.Debug|Any CPU.ActiveCfg = Debug|Any CPU
		{5E08D685-8041-4C1E-9412-B35CC4FCBD11}.Debug|Any CPU.Build.0 = Debug|Any CPU
		{5E08D685-8041-4C1E-9412-B35CC4FCBD11}.Release|Any CPU.ActiveCfg = Release|Any CPU
		{5E08D685-8041-4C1E-9412-B35CC4FCBD11}.Release|Any CPU.Build.0 = Release|Any CPU
		{63CBE85E-4705-4173-AC1D-39360A61941D}.Debug|Any CPU.ActiveCfg = Debug|Any CPU
		{63CBE85E-4705-4173-AC1D-39360A61941D}.Debug|Any CPU.Build.0 = Debug|Any CPU
		{63CBE85E-4705-4173-AC1D-39360A61941D}.Release|Any CPU.ActiveCfg = Release|Any CPU
		{63CBE85E-4705-4173-AC1D-39360A61941D}.Release|Any CPU.Build.0 = Release|Any CPU
		{35A2179B-8FF3-4AEB-BFF6-C8D9550E46E6}.Debug|Any CPU.ActiveCfg = Debug|Any CPU
		{35A2179B-8FF3-4AEB-BFF6-C8D9550E46E6}.Debug|Any CPU.Build.0 = Debug|Any CPU
		{35A2179B-8FF3-4AEB-BFF6-C8D9550E46E6}.Release|Any CPU.ActiveCfg = Release|Any CPU
		{35A2179B-8FF3-4AEB-BFF6-C8D9550E46E6}.Release|Any CPU.Build.0 = Release|Any CPU
		{31FF8AFD-B8F7-419A-B17D-228B73EB6553}.Debug|Any CPU.ActiveCfg = Debug|Any CPU
		{31FF8AFD-B8F7-419A-B17D-228B73EB6553}.Debug|Any CPU.Build.0 = Debug|Any CPU
		{31FF8AFD-B8F7-419A-B17D-228B73EB6553}.Release|Any CPU.ActiveCfg = Release|Any CPU
		{31FF8AFD-B8F7-419A-B17D-228B73EB6553}.Release|Any CPU.Build.0 = Release|Any CPU
		{A38D527C-E783-4476-8029-3A379ABDC3AA}.Debug|Any CPU.ActiveCfg = Debug|Any CPU
		{A38D527C-E783-4476-8029-3A379ABDC3AA}.Debug|Any CPU.Build.0 = Debug|Any CPU
		{A38D527C-E783-4476-8029-3A379ABDC3AA}.Release|Any CPU.ActiveCfg = Release|Any CPU
		{A38D527C-E783-4476-8029-3A379ABDC3AA}.Release|Any CPU.Build.0 = Release|Any CPU
		{98148ED3-8130-4039-A163-9D9E99F90140}.Debug|Any CPU.ActiveCfg = Debug|Any CPU
		{98148ED3-8130-4039-A163-9D9E99F90140}.Debug|Any CPU.Build.0 = Debug|Any CPU
		{98148ED3-8130-4039-A163-9D9E99F90140}.Release|Any CPU.ActiveCfg = Release|Any CPU
		{98148ED3-8130-4039-A163-9D9E99F90140}.Release|Any CPU.Build.0 = Release|Any CPU
		{7B148598-5FEA-4CF1-AFF9-54470E638187}.Debug|Any CPU.ActiveCfg = Debug|Any CPU
		{7B148598-5FEA-4CF1-AFF9-54470E638187}.Debug|Any CPU.Build.0 = Debug|Any CPU
		{7B148598-5FEA-4CF1-AFF9-54470E638187}.Release|Any CPU.ActiveCfg = Release|Any CPU
		{7B148598-5FEA-4CF1-AFF9-54470E638187}.Release|Any CPU.Build.0 = Release|Any CPU
	EndGlobalSection
	GlobalSection(SolutionProperties) = preSolution
		HideSolutionNode = FALSE
	EndGlobalSection
EndGlobal
